{
  "requires": true,
  "lockfileVersion": 1,
  "dependencies": {
    "faker": {
      "version": "5.2.0",
      "resolved": "https://registry.npmjs.org/faker/-/faker-5.2.0.tgz",
      "integrity": "sha512-UlrF1NNRIdzEPtBcy5l8JTlnXQZdz+4pQc3v2TAVocW39nnczCNQ0g0CBKgPGISJPzA2DqJVN1kdr+FCRFdN5g=="
    }
  }
}
